
Microsoft Visual Studio Solution File, Format Version 12.00
# Visual Studio Version 17
VisualStudioVersion = 17.8.34330.188
MinimumVisualStudioVersion = 10.0.40219.1
Project("{9A19103F-16F7-4668-BE54-9A1E7A4F7556}") = "Captive.Commands", "Captive.Commands\Captive.Commands.csproj", "{04EE9B22-28D4-44BE-B471-64890C3907E6}"
EndProject
Project("{9A19103F-16F7-4668-BE54-9A1E7A4F7556}") = "Captive.Processing", "Captive.Processing\Captive.Processing.csproj", "{DC6FF5B7-E9A7-4DB5-A673-0340E5EF9785}"
EndProject
Project("{9A19103F-16F7-4668-BE54-9A1E7A4F7556}") = "Captive.Data", "Captive.Data\Captive.Data.csproj", "{1159D9B5-EC77-40EC-89DE-FFECB32B508A}"
EndProject
Project("{2150E333-8FDC-42A3-9474-1A3956D46DE8}") = "Presentation", "Presentation", "{CBE3248E-71F6-429C-A928-DB20B438CDA6}"
EndProject
Project("{2150E333-8FDC-42A3-9474-1A3956D46DE8}") = "Applications", "Applications", "{181839A3-D01B-456F-8BCD-B0E4ED1A4EEA}"
EndProject
Project("{9A19103F-16F7-4668-BE54-9A1E7A4F7556}") = "Captive.Applications", "Captive.Applications\Captive.Applications.csproj", "{693190CC-A40B-45C8-8354-D806D11E8D50}"
EndProject
Project("{9A19103F-16F7-4668-BE54-9A1E7A4F7556}") = "Captive.Reports", "Captive.Reports\Captive.Reports.csproj", "{9984AD80-F371-4BFE-843F-3903866CB775}"
EndProject
Project("{9A19103F-16F7-4668-BE54-9A1E7A4F7556}") = "Captive.Queries", "Captive.Query\Captive.Queries.csproj", "{C28794FF-4F37-4D78-BD36-B714A2B34182}"
EndProject
Project("{2150E333-8FDC-42A3-9474-1A3956D46DE8}") = "Infrastructure", "Infrastructure", "{65415523-43A3-44D0-A418-4627EA671BEE}"
EndProject
Project("{9A19103F-16F7-4668-BE54-9A1E7A4F7556}") = "Captive.Messaging", "Captive.Messaging\Captive.Messaging.csproj", "{E6A99870-35E7-4609-8612-64C61C416FAF}"
EndProject
Project("{9A19103F-16F7-4668-BE54-9A1E7A4F7556}") = "Captive.Fileprocessor", "Captive.Fileprocessor\Captive.Fileprocessor.csproj", "{E8466044-99C8-4FFB-8456-05DE9993818B}"
EndProject
Project("{9A19103F-16F7-4668-BE54-9A1E7A4F7556}") = "Captive.Utility", "Captive.Utility\Captive.Utility.csproj", "{9FD5E4E3-59B3-4B0D-B9D3-1588FB7C407D}"
EndProject
Project("{9A19103F-16F7-4668-BE54-9A1E7A4F7556}") = "Captive.MdbAPI", "Captive.MdbAPI\Captive.MdbAPI.csproj", "{AD3671C5-29F8-4ECE-BAFA-1A8572F67117}"
EndProject
Project("{9A19103F-16F7-4668-BE54-9A1E7A4F7556}") = "Captive.MdbProcessor", "Captive.MdbProcessor\Captive.MdbProcessor.csproj", "{C97F0379-08BE-4A72-BCF0-0F90B6E362E1}"
EndProject
Project("{9A19103F-16F7-4668-BE54-9A1E7A4F7556}") = "Captive.Model", "Captive.Model\Captive.Model.csproj", "{A331337D-D99E-4E87-8E38-369F1B82C8AD}"
EndProject
Project("{2150E333-8FDC-42A3-9474-1A3956D46DE8}") = "APIs", "APIs", "{085A3748-88C5-4040-96E6-348E0F4E0EEA}"
EndProject
Project("{2150E333-8FDC-42A3-9474-1A3956D46DE8}") = "Consumers", "Consumers", "{CCAE8C1D-A932-404D-B513-A01787286AA1}"
EndProject
Project("{FAE04EC0-301F-11D3-BF4B-00C04F79EFBC}") = "Captive.Notification", "Captive.Notification\Captive.Notification.csproj", "{2F4BCE20-D2AF-4C70-BEBB-C5BD3BE35B76}"
EndProject
Project("{2150E333-8FDC-42A3-9474-1A3956D46DE8}") = "Consoles", "Consoles", "{02EA681E-C7D8-13C7-8484-4AC65E1B71E8}"
EndProject
Project("{FAE04EC0-301F-11D3-BF4B-00C04F79EFBC}") = "MBTC.BarcodeGenerator", "MBTC.BarcodeGenerator\MBTC.BarcodeGenerator.csproj", "{B9EE0E3F-8443-43B4-88DC-23A0DB9731C5}"
EndProject
Global
	GlobalSection(SolutionConfigurationPlatforms) = preSolution
		Debug|Any CPU = Debug|Any CPU
		Debug|x86 = Debug|x86
		Release|Any CPU = Release|Any CPU
		Release|x86 = Release|x86
	EndGlobalSection
	GlobalSection(ProjectConfigurationPlatforms) = postSolution
		{04EE9B22-28D4-44BE-B471-64890C3907E6}.Debug|Any CPU.ActiveCfg = Debug|Any CPU
		{04EE9B22-28D4-44BE-B471-64890C3907E6}.Debug|Any CPU.Build.0 = Debug|Any CPU
		{04EE9B22-28D4-44BE-B471-64890C3907E6}.Debug|x86.ActiveCfg = Debug|Any CPU
		{04EE9B22-28D4-44BE-B471-64890C3907E6}.Debug|x86.Build.0 = Debug|Any CPU
		{04EE9B22-28D4-44BE-B471-64890C3907E6}.Release|Any CPU.ActiveCfg = Release|Any CPU
		{04EE9B22-28D4-44BE-B471-64890C3907E6}.Release|Any CPU.Build.0 = Release|Any CPU
		{04EE9B22-28D4-44BE-B471-64890C3907E6}.Release|x86.ActiveCfg = Release|Any CPU
		{04EE9B22-28D4-44BE-B471-64890C3907E6}.Release|x86.Build.0 = Release|Any CPU
		{DC6FF5B7-E9A7-4DB5-A673-0340E5EF9785}.Debug|Any CPU.ActiveCfg = Debug|Any CPU
		{DC6FF5B7-E9A7-4DB5-A673-0340E5EF9785}.Debug|Any CPU.Build.0 = Debug|Any CPU
		{DC6FF5B7-E9A7-4DB5-A673-0340E5EF9785}.Debug|x86.ActiveCfg = Debug|Any CPU
		{DC6FF5B7-E9A7-4DB5-A673-0340E5EF9785}.Debug|x86.Build.0 = Debug|Any CPU
		{DC6FF5B7-E9A7-4DB5-A673-0340E5EF9785}.Release|Any CPU.ActiveCfg = Release|Any CPU
		{DC6FF5B7-E9A7-4DB5-A673-0340E5EF9785}.Release|Any CPU.Build.0 = Release|Any CPU
		{DC6FF5B7-E9A7-4DB5-A673-0340E5EF9785}.Release|x86.ActiveCfg = Release|Any CPU
		{DC6FF5B7-E9A7-4DB5-A673-0340E5EF9785}.Release|x86.Build.0 = Release|Any CPU
		{1159D9B5-EC77-40EC-89DE-FFECB32B508A}.Debug|Any CPU.ActiveCfg = Debug|Any CPU
		{1159D9B5-EC77-40EC-89DE-FFECB32B508A}.Debug|Any CPU.Build.0 = Debug|Any CPU
		{1159D9B5-EC77-40EC-89DE-FFECB32B508A}.Debug|x86.ActiveCfg = Debug|Any CPU
		{1159D9B5-EC77-40EC-89DE-FFECB32B508A}.Debug|x86.Build.0 = Debug|Any CPU
		{1159D9B5-EC77-40EC-89DE-FFECB32B508A}.Release|Any CPU.ActiveCfg = Release|Any CPU
		{1159D9B5-EC77-40EC-89DE-FFECB32B508A}.Release|Any CPU.Build.0 = Release|Any CPU
		{1159D9B5-EC77-40EC-89DE-FFECB32B508A}.Release|x86.ActiveCfg = Release|Any CPU
		{1159D9B5-EC77-40EC-89DE-FFECB32B508A}.Release|x86.Build.0 = Release|Any CPU
		{693190CC-A40B-45C8-8354-D806D11E8D50}.Debug|Any CPU.ActiveCfg = Debug|Any CPU
		{693190CC-A40B-45C8-8354-D806D11E8D50}.Debug|Any CPU.Build.0 = Debug|Any CPU
		{693190CC-A40B-45C8-8354-D806D11E8D50}.Debug|x86.ActiveCfg = Debug|Any CPU
		{693190CC-A40B-45C8-8354-D806D11E8D50}.Debug|x86.Build.0 = Debug|Any CPU
		{693190CC-A40B-45C8-8354-D806D11E8D50}.Release|Any CPU.ActiveCfg = Release|Any CPU
		{693190CC-A40B-45C8-8354-D806D11E8D50}.Release|Any CPU.Build.0 = Release|Any CPU
		{693190CC-A40B-45C8-8354-D806D11E8D50}.Release|x86.ActiveCfg = Release|Any CPU
		{693190CC-A40B-45C8-8354-D806D11E8D50}.Release|x86.Build.0 = Release|Any CPU
		{9984AD80-F371-4BFE-843F-3903866CB775}.Debug|Any CPU.ActiveCfg = Debug|Any CPU
		{9984AD80-F371-4BFE-843F-3903866CB775}.Debug|Any CPU.Build.0 = Debug|Any CPU
		{9984AD80-F371-4BFE-843F-3903866CB775}.Debug|x86.ActiveCfg = Debug|Any CPU
		{9984AD80-F371-4BFE-843F-3903866CB775}.Debug|x86.Build.0 = Debug|Any CPU
		{9984AD80-F371-4BFE-843F-3903866CB775}.Release|Any CPU.ActiveCfg = Release|Any CPU
		{9984AD80-F371-4BFE-843F-3903866CB775}.Release|Any CPU.Build.0 = Release|Any CPU
		{9984AD80-F371-4BFE-843F-3903866CB775}.Release|x86.ActiveCfg = Release|Any CPU
		{9984AD80-F371-4BFE-843F-3903866CB775}.Release|x86.Build.0 = Release|Any CPU
		{C28794FF-4F37-4D78-BD36-B714A2B34182}.Debug|Any CPU.ActiveCfg = Debug|Any CPU
		{C28794FF-4F37-4D78-BD36-B714A2B34182}.Debug|Any CPU.Build.0 = Debug|Any CPU
		{C28794FF-4F37-4D78-BD36-B714A2B34182}.Debug|x86.ActiveCfg = Debug|Any CPU
		{C28794FF-4F37-4D78-BD36-B714A2B34182}.Debug|x86.Build.0 = Debug|Any CPU
		{C28794FF-4F37-4D78-BD36-B714A2B34182}.Release|Any CPU.ActiveCfg = Release|Any CPU
		{C28794FF-4F37-4D78-BD36-B714A2B34182}.Release|Any CPU.Build.0 = Release|Any CPU
		{C28794FF-4F37-4D78-BD36-B714A2B34182}.Release|x86.ActiveCfg = Release|Any CPU
		{C28794FF-4F37-4D78-BD36-B714A2B34182}.Release|x86.Build.0 = Release|Any CPU
		{E6A99870-35E7-4609-8612-64C61C416FAF}.Debug|Any CPU.ActiveCfg = Debug|Any CPU
		{E6A99870-35E7-4609-8612-64C61C416FAF}.Debug|Any CPU.Build.0 = Debug|Any CPU
		{E6A99870-35E7-4609-8612-64C61C416FAF}.Debug|x86.ActiveCfg = Debug|Any CPU
		{E6A99870-35E7-4609-8612-64C61C416FAF}.Debug|x86.Build.0 = Debug|Any CPU
		{E6A99870-35E7-4609-8612-64C61C416FAF}.Release|Any CPU.ActiveCfg = Release|Any CPU
		{E6A99870-35E7-4609-8612-64C61C416FAF}.Release|Any CPU.Build.0 = Release|Any CPU
		{E6A99870-35E7-4609-8612-64C61C416FAF}.Release|x86.ActiveCfg = Release|Any CPU
		{E6A99870-35E7-4609-8612-64C61C416FAF}.Release|x86.Build.0 = Release|Any CPU
		{E8466044-99C8-4FFB-8456-05DE9993818B}.Debug|Any CPU.ActiveCfg = Debug|Any CPU
		{E8466044-99C8-4FFB-8456-05DE9993818B}.Debug|Any CPU.Build.0 = Debug|Any CPU
		{E8466044-99C8-4FFB-8456-05DE9993818B}.Debug|x86.ActiveCfg = Debug|Any CPU
		{E8466044-99C8-4FFB-8456-05DE9993818B}.Debug|x86.Build.0 = Debug|Any CPU
		{E8466044-99C8-4FFB-8456-05DE9993818B}.Release|Any CPU.ActiveCfg = Release|Any CPU
		{E8466044-99C8-4FFB-8456-05DE9993818B}.Release|Any CPU.Build.0 = Release|Any CPU
		{E8466044-99C8-4FFB-8456-05DE9993818B}.Release|x86.ActiveCfg = Release|Any CPU
		{E8466044-99C8-4FFB-8456-05DE9993818B}.Release|x86.Build.0 = Release|Any CPU
		{9FD5E4E3-59B3-4B0D-B9D3-1588FB7C407D}.Debug|Any CPU.ActiveCfg = Debug|Any CPU
		{9FD5E4E3-59B3-4B0D-B9D3-1588FB7C407D}.Debug|Any CPU.Build.0 = Debug|Any CPU
		{9FD5E4E3-59B3-4B0D-B9D3-1588FB7C407D}.Debug|x86.ActiveCfg = Debug|Any CPU
		{9FD5E4E3-59B3-4B0D-B9D3-1588FB7C407D}.Debug|x86.Build.0 = Debug|Any CPU
		{9FD5E4E3-59B3-4B0D-B9D3-1588FB7C407D}.Release|Any CPU.ActiveCfg = Release|Any CPU
		{9FD5E4E3-59B3-4B0D-B9D3-1588FB7C407D}.Release|Any CPU.Build.0 = Release|Any CPU
		{9FD5E4E3-59B3-4B0D-B9D3-1588FB7C407D}.Release|x86.ActiveCfg = Release|Any CPU
		{9FD5E4E3-59B3-4B0D-B9D3-1588FB7C407D}.Release|x86.Build.0 = Release|Any CPU
		{AD3671C5-29F8-4ECE-BAFA-1A8572F67117}.Debug|Any CPU.ActiveCfg = Debug|Any CPU
		{AD3671C5-29F8-4ECE-BAFA-1A8572F67117}.Debug|Any CPU.Build.0 = Debug|Any CPU
		{AD3671C5-29F8-4ECE-BAFA-1A8572F67117}.Debug|x86.ActiveCfg = Debug|Any CPU
		{AD3671C5-29F8-4ECE-BAFA-1A8572F67117}.Debug|x86.Build.0 = Debug|Any CPU
		{AD3671C5-29F8-4ECE-BAFA-1A8572F67117}.Release|Any CPU.ActiveCfg = Release|Any CPU
		{AD3671C5-29F8-4ECE-BAFA-1A8572F67117}.Release|Any CPU.Build.0 = Release|Any CPU
		{AD3671C5-29F8-4ECE-BAFA-1A8572F67117}.Release|x86.ActiveCfg = Release|Any CPU
		{AD3671C5-29F8-4ECE-BAFA-1A8572F67117}.Release|x86.Build.0 = Release|Any CPU
		{C97F0379-08BE-4A72-BCF0-0F90B6E362E1}.Debug|Any CPU.ActiveCfg = Debug|Any CPU
		{C97F0379-08BE-4A72-BCF0-0F90B6E362E1}.Debug|Any CPU.Build.0 = Debug|Any CPU
		{C97F0379-08BE-4A72-BCF0-0F90B6E362E1}.Debug|x86.ActiveCfg = Debug|Any CPU
		{C97F0379-08BE-4A72-BCF0-0F90B6E362E1}.Debug|x86.Build.0 = Debug|Any CPU
		{C97F0379-08BE-4A72-BCF0-0F90B6E362E1}.Release|Any CPU.ActiveCfg = Release|Any CPU
		{C97F0379-08BE-4A72-BCF0-0F90B6E362E1}.Release|Any CPU.Build.0 = Release|Any CPU
		{C97F0379-08BE-4A72-BCF0-0F90B6E362E1}.Release|x86.ActiveCfg = Release|Any CPU
		{C97F0379-08BE-4A72-BCF0-0F90B6E362E1}.Release|x86.Build.0 = Release|Any CPU
		{A331337D-D99E-4E87-8E38-369F1B82C8AD}.Debug|Any CPU.ActiveCfg = Debug|Any CPU
		{A331337D-D99E-4E87-8E38-369F1B82C8AD}.Debug|Any CPU.Build.0 = Debug|Any CPU
		{A331337D-D99E-4E87-8E38-369F1B82C8AD}.Debug|x86.ActiveCfg = Debug|Any CPU
		{A331337D-D99E-4E87-8E38-369F1B82C8AD}.Debug|x86.Build.0 = Debug|Any CPU
		{A331337D-D99E-4E87-8E38-369F1B82C8AD}.Release|Any CPU.ActiveCfg = Release|Any CPU
		{A331337D-D99E-4E87-8E38-369F1B82C8AD}.Release|Any CPU.Build.0 = Release|Any CPU
		{A331337D-D99E-4E87-8E38-369F1B82C8AD}.Release|x86.ActiveCfg = Release|Any CPU
		{A331337D-D99E-4E87-8E38-369F1B82C8AD}.Release|x86.Build.0 = Release|Any CPU
		{2F4BCE20-D2AF-4C70-BEBB-C5BD3BE35B76}.Debug|Any CPU.ActiveCfg = Debug|Any CPU
		{2F4BCE20-D2AF-4C70-BEBB-C5BD3BE35B76}.Debug|Any CPU.Build.0 = Debug|Any CPU
		{2F4BCE20-D2AF-4C70-BEBB-C5BD3BE35B76}.Debug|x86.ActiveCfg = Debug|Any CPU
		{2F4BCE20-D2AF-4C70-BEBB-C5BD3BE35B76}.Debug|x86.Build.0 = Debug|Any CPU
		{2F4BCE20-D2AF-4C70-BEBB-C5BD3BE35B76}.Release|Any CPU.ActiveCfg = Release|Any CPU
		{2F4BCE20-D2AF-4C70-BEBB-C5BD3BE35B76}.Release|Any CPU.Build.0 = Release|Any CPU
		{2F4BCE20-D2AF-4C70-BEBB-C5BD3BE35B76}.Release|x86.ActiveCfg = Release|Any CPU
		{2F4BCE20-D2AF-4C70-BEBB-C5BD3BE35B76}.Release|x86.Build.0 = Release|Any CPU
		{B9EE0E3F-8443-43B4-88DC-23A0DB9731C5}.Debug|Any CPU.ActiveCfg = Debug|Any CPU
		{B9EE0E3F-8443-43B4-88DC-23A0DB9731C5}.Debug|Any CPU.Build.0 = Debug|Any CPU
		{B9EE0E3F-8443-43B4-88DC-23A0DB9731C5}.Debug|x86.ActiveCfg = Debug|Any CPU
		{B9EE0E3F-8443-43B4-88DC-23A0DB9731C5}.Debug|x86.Build.0 = Debug|Any CPU
		{B9EE0E3F-8443-43B4-88DC-23A0DB9731C5}.Release|Any CPU.ActiveCfg = Release|Any CPU
		{B9EE0E3F-8443-43B4-88DC-23A0DB9731C5}.Release|Any CPU.Build.0 = Release|Any CPU
		{B9EE0E3F-8443-43B4-88DC-23A0DB9731C5}.Release|x86.ActiveCfg = Release|Any CPU
		{B9EE0E3F-8443-43B4-88DC-23A0DB9731C5}.Release|x86.Build.0 = Release|Any CPU
	EndGlobalSection
	GlobalSection(SolutionProperties) = preSolution
		HideSolutionNode = FALSE
	EndGlobalSection
	GlobalSection(NestedProjects) = preSolution
		{04EE9B22-28D4-44BE-B471-64890C3907E6} = {085A3748-88C5-4040-96E6-348E0F4E0EEA}
		{DC6FF5B7-E9A7-4DB5-A673-0340E5EF9785} = {181839A3-D01B-456F-8BCD-B0E4ED1A4EEA}
		{1159D9B5-EC77-40EC-89DE-FFECB32B508A} = {65415523-43A3-44D0-A418-4627EA671BEE}
		{693190CC-A40B-45C8-8354-D806D11E8D50} = {181839A3-D01B-456F-8BCD-B0E4ED1A4EEA}
		{9984AD80-F371-4BFE-843F-3903866CB775} = {181839A3-D01B-456F-8BCD-B0E4ED1A4EEA}
		{C28794FF-4F37-4D78-BD36-B714A2B34182} = {085A3748-88C5-4040-96E6-348E0F4E0EEA}
		{E6A99870-35E7-4609-8612-64C61C416FAF} = {65415523-43A3-44D0-A418-4627EA671BEE}
		{E8466044-99C8-4FFB-8456-05DE9993818B} = {CCAE8C1D-A932-404D-B513-A01787286AA1}
		{9FD5E4E3-59B3-4B0D-B9D3-1588FB7C407D} = {181839A3-D01B-456F-8BCD-B0E4ED1A4EEA}
		{AD3671C5-29F8-4ECE-BAFA-1A8572F67117} = {085A3748-88C5-4040-96E6-348E0F4E0EEA}
		{C97F0379-08BE-4A72-BCF0-0F90B6E362E1} = {181839A3-D01B-456F-8BCD-B0E4ED1A4EEA}
		{A331337D-D99E-4E87-8E38-369F1B82C8AD} = {181839A3-D01B-456F-8BCD-B0E4ED1A4EEA}
		{085A3748-88C5-4040-96E6-348E0F4E0EEA} = {CBE3248E-71F6-429C-A928-DB20B438CDA6}
		{CCAE8C1D-A932-404D-B513-A01787286AA1} = {CBE3248E-71F6-429C-A928-DB20B438CDA6}
		{2F4BCE20-D2AF-4C70-BEBB-C5BD3BE35B76} = {65415523-43A3-44D0-A418-4627EA671BEE}
		{02EA681E-C7D8-13C7-8484-4AC65E1B71E8} = {CBE3248E-71F6-429C-A928-DB20B438CDA6}
		{B9EE0E3F-8443-43B4-88DC-23A0DB9731C5} = {02EA681E-C7D8-13C7-8484-4AC65E1B71E8}
	EndGlobalSection
	GlobalSection(ExtensibilityGlobals) = postSolution
		SolutionGuid = {6A874DCB-688E-4709-8411-D9750ED55900}
	EndGlobalSection
EndGlobal
