
Microsoft Visual Studio Solution File, Format Version 12.00
# Visual Studio Version 17
VisualStudioVersion = 17.8.34330.188
MinimumVisualStudioVersion = 10.0.40219.1
Project("{FAE04EC0-301F-11D3-BF4B-00C04F79EFBC}") = "Captive.Commands", "Captive.Commands\Captive.Commands.csproj", "{04EE9B22-28D4-44BE-B471-64890C3907E6}"
EndProject
Project("{FAE04EC0-301F-11D3-BF4B-00C04F79EFBC}") = "Captive.TestProcessingConsole", "Captive.TestProcessingConsole\Captive.TestProcessingConsole.csproj", "{36B9C965-C010-40D1-8920-8F350F61D0C2}"
EndProject
Project("{FAE04EC0-301F-11D3-BF4B-00C04F79EFBC}") = "Captive.Processing", "Captive.Processing\Captive.Processing.csproj", "{DC6FF5B7-E9A7-4DB5-A673-0340E5EF9785}"
EndProject
Global
	GlobalSection(SolutionConfigurationPlatforms) = preSolution
		Debug|Any CPU = Debug|Any CPU
		Release|Any CPU = Release|Any CPU
	EndGlobalSection
	GlobalSection(ProjectConfigurationPlatforms) = postSolution
		{04EE9B22-28D4-44BE-B471-64890C3907E6}.Debug|Any CPU.ActiveCfg = Debug|Any CPU
		{04EE9B22-28D4-44BE-B471-64890C3907E6}.Debug|Any CPU.Build.0 = Debug|Any CPU
		{04EE9B22-28D4-44BE-B471-64890C3907E6}.Release|Any CPU.ActiveCfg = Release|Any CPU
		{04EE9B22-28D4-44BE-B471-64890C3907E6}.Release|Any CPU.Build.0 = Release|Any CPU
		{36B9C965-C010-40D1-8920-8F350F61D0C2}.Debug|Any CPU.ActiveCfg = Debug|Any CPU
		{36B9C965-C010-40D1-8920-8F350F61D0C2}.Debug|Any CPU.Build.0 = Debug|Any CPU
		{36B9C965-C010-40D1-8920-8F350F61D0C2}.Release|Any CPU.ActiveCfg = Release|Any CPU
		{36B9C965-C010-40D1-8920-8F350F61D0C2}.Release|Any CPU.Build.0 = Release|Any CPU
		{DC6FF5B7-E9A7-4DB5-A673-0340E5EF9785}.Debug|Any CPU.ActiveCfg = Debug|Any CPU
		{DC6FF5B7-E9A7-4DB5-A673-0340E5EF9785}.Debug|Any CPU.Build.0 = Debug|Any CPU
		{DC6FF5B7-E9A7-4DB5-A673-0340E5EF9785}.Release|Any CPU.ActiveCfg = Release|Any CPU
		{DC6FF5B7-E9A7-4DB5-A673-0340E5EF9785}.Release|Any CPU.Build.0 = Release|Any CPU
	EndGlobalSection
	GlobalSection(SolutionProperties) = preSolution
		HideSolutionNode = FALSE
	EndGlobalSection
	GlobalSection(ExtensibilityGlobals) = postSolution
		SolutionGuid = {6A874DCB-688E-4709-8411-D9750ED55900}
	EndGlobalSection
EndGlobal
